
Microsoft Visual Studio Solution File, Format Version 12.00
# Visual Studio 15
VisualStudioVersion = 15.0.27428.2015
MinimumVisualStudioVersion = 10.0.40219.1
Project("{FAE04EC0-301F-11D3-BF4B-00C04F79EFBC}") = "Reflection", "Reflection\Reflection.csproj", "{886E7752-A051-4EC8-B4A7-2FF11AE5C67E}"
EndProject
Project("{FAE04EC0-301F-11D3-BF4B-00C04F79EFBC}") = "ConsoleApp1", "ConsoleApp1\ConsoleApp1.csproj", "{2D46246B-05D8-4A85-A059-B7C8193E2812}"
EndProject
Project("{FAE04EC0-301F-11D3-BF4B-00C04F79EFBC}") = "TPAWPF", "WpfApp1\TPAWPF.csproj", "{E50F880E-D78A-495A-9B79-0866FD5DCD03}"
EndProject
Project("{FAE04EC0-301F-11D3-BF4B-00C04F79EFBC}") = "ViewModel", "ViewModel\ViewModel.csproj", "{0AB07CDD-0253-41BA-960F-9D202CFEDCCD}"
EndProject
Project("{FAE04EC0-301F-11D3-BF4B-00C04F79EFBC}") = "Serialization", "Serialization\Serialization.csproj", "{07BDF0E2-6BA2-4EC8-8FFF-6C3478283E47}"
EndProject
Project("{FAE04EC0-301F-11D3-BF4B-00C04F79EFBC}") = "PresentationTests", "WPFTests\PresentationTests.csproj", "{D9DF6E58-CCDF-44A7-869B-6BC60A1CE9D2}"
EndProject
Project("{FAE04EC0-301F-11D3-BF4B-00C04F79EFBC}") = "LogicTests", "LogicTests\LogicTests.csproj", "{1B53974C-B2B4-40DD-B07C-A7839B6EA3AA}"
EndProject
Global
	GlobalSection(SolutionConfigurationPlatforms) = preSolution
		Debug|Any CPU = Debug|Any CPU
		Debug|ARM = Debug|ARM
		Debug|x64 = Debug|x64
		Debug|x86 = Debug|x86
		Release|Any CPU = Release|Any CPU
		Release|ARM = Release|ARM
		Release|x64 = Release|x64
		Release|x86 = Release|x86
	EndGlobalSection
	GlobalSection(ProjectConfigurationPlatforms) = postSolution
		{886E7752-A051-4EC8-B4A7-2FF11AE5C67E}.Debug|Any CPU.ActiveCfg = Debug|Any CPU
		{886E7752-A051-4EC8-B4A7-2FF11AE5C67E}.Debug|Any CPU.Build.0 = Debug|Any CPU
		{886E7752-A051-4EC8-B4A7-2FF11AE5C67E}.Debug|ARM.ActiveCfg = Debug|Any CPU
		{886E7752-A051-4EC8-B4A7-2FF11AE5C67E}.Debug|ARM.Build.0 = Debug|Any CPU
		{886E7752-A051-4EC8-B4A7-2FF11AE5C67E}.Debug|x64.ActiveCfg = Debug|Any CPU
		{886E7752-A051-4EC8-B4A7-2FF11AE5C67E}.Debug|x64.Build.0 = Debug|Any CPU
		{886E7752-A051-4EC8-B4A7-2FF11AE5C67E}.Debug|x86.ActiveCfg = Debug|Any CPU
		{886E7752-A051-4EC8-B4A7-2FF11AE5C67E}.Debug|x86.Build.0 = Debug|Any CPU
		{886E7752-A051-4EC8-B4A7-2FF11AE5C67E}.Release|Any CPU.ActiveCfg = Release|Any CPU
		{886E7752-A051-4EC8-B4A7-2FF11AE5C67E}.Release|Any CPU.Build.0 = Release|Any CPU
		{886E7752-A051-4EC8-B4A7-2FF11AE5C67E}.Release|ARM.ActiveCfg = Release|Any CPU
		{886E7752-A051-4EC8-B4A7-2FF11AE5C67E}.Release|ARM.Build.0 = Release|Any CPU
		{886E7752-A051-4EC8-B4A7-2FF11AE5C67E}.Release|x64.ActiveCfg = Release|Any CPU
		{886E7752-A051-4EC8-B4A7-2FF11AE5C67E}.Release|x64.Build.0 = Release|Any CPU
		{886E7752-A051-4EC8-B4A7-2FF11AE5C67E}.Release|x86.ActiveCfg = Release|Any CPU
		{886E7752-A051-4EC8-B4A7-2FF11AE5C67E}.Release|x86.Build.0 = Release|Any CPU
		{2D46246B-05D8-4A85-A059-B7C8193E2812}.Debug|Any CPU.ActiveCfg = Debug|Any CPU
		{2D46246B-05D8-4A85-A059-B7C8193E2812}.Debug|Any CPU.Build.0 = Debug|Any CPU
		{2D46246B-05D8-4A85-A059-B7C8193E2812}.Debug|ARM.ActiveCfg = Debug|Any CPU
		{2D46246B-05D8-4A85-A059-B7C8193E2812}.Debug|ARM.Build.0 = Debug|Any CPU
		{2D46246B-05D8-4A85-A059-B7C8193E2812}.Debug|x64.ActiveCfg = Debug|Any CPU
		{2D46246B-05D8-4A85-A059-B7C8193E2812}.Debug|x64.Build.0 = Debug|Any CPU
		{2D46246B-05D8-4A85-A059-B7C8193E2812}.Debug|x86.ActiveCfg = Debug|Any CPU
		{2D46246B-05D8-4A85-A059-B7C8193E2812}.Debug|x86.Build.0 = Debug|Any CPU
		{2D46246B-05D8-4A85-A059-B7C8193E2812}.Release|Any CPU.ActiveCfg = Release|Any CPU
		{2D46246B-05D8-4A85-A059-B7C8193E2812}.Release|Any CPU.Build.0 = Release|Any CPU
		{2D46246B-05D8-4A85-A059-B7C8193E2812}.Release|ARM.ActiveCfg = Release|Any CPU
		{2D46246B-05D8-4A85-A059-B7C8193E2812}.Release|ARM.Build.0 = Release|Any CPU
		{2D46246B-05D8-4A85-A059-B7C8193E2812}.Release|x64.ActiveCfg = Release|Any CPU
		{2D46246B-05D8-4A85-A059-B7C8193E2812}.Release|x64.Build.0 = Release|Any CPU
		{2D46246B-05D8-4A85-A059-B7C8193E2812}.Release|x86.ActiveCfg = Release|Any CPU
		{2D46246B-05D8-4A85-A059-B7C8193E2812}.Release|x86.Build.0 = Release|Any CPU
		{E50F880E-D78A-495A-9B79-0866FD5DCD03}.Debug|Any CPU.ActiveCfg = Debug|Any CPU
		{E50F880E-D78A-495A-9B79-0866FD5DCD03}.Debug|Any CPU.Build.0 = Debug|Any CPU
		{E50F880E-D78A-495A-9B79-0866FD5DCD03}.Debug|ARM.ActiveCfg = Debug|Any CPU
		{E50F880E-D78A-495A-9B79-0866FD5DCD03}.Debug|ARM.Build.0 = Debug|Any CPU
		{E50F880E-D78A-495A-9B79-0866FD5DCD03}.Debug|x64.ActiveCfg = Debug|Any CPU
		{E50F880E-D78A-495A-9B79-0866FD5DCD03}.Debug|x64.Build.0 = Debug|Any CPU
		{E50F880E-D78A-495A-9B79-0866FD5DCD03}.Debug|x86.ActiveCfg = Debug|Any CPU
		{E50F880E-D78A-495A-9B79-0866FD5DCD03}.Debug|x86.Build.0 = Debug|Any CPU
		{E50F880E-D78A-495A-9B79-0866FD5DCD03}.Release|Any CPU.ActiveCfg = Release|Any CPU
		{E50F880E-D78A-495A-9B79-0866FD5DCD03}.Release|Any CPU.Build.0 = Release|Any CPU
		{E50F880E-D78A-495A-9B79-0866FD5DCD03}.Release|ARM.ActiveCfg = Release|Any CPU
		{E50F880E-D78A-495A-9B79-0866FD5DCD03}.Release|ARM.Build.0 = Release|Any CPU
		{E50F880E-D78A-495A-9B79-0866FD5DCD03}.Release|x64.ActiveCfg = Release|Any CPU
		{E50F880E-D78A-495A-9B79-0866FD5DCD03}.Release|x64.Build.0 = Release|Any CPU
		{E50F880E-D78A-495A-9B79-0866FD5DCD03}.Release|x86.ActiveCfg = Release|Any CPU
		{E50F880E-D78A-495A-9B79-0866FD5DCD03}.Release|x86.Build.0 = Release|Any CPU
		{0AB07CDD-0253-41BA-960F-9D202CFEDCCD}.Debug|Any CPU.ActiveCfg = Debug|Any CPU
		{0AB07CDD-0253-41BA-960F-9D202CFEDCCD}.Debug|Any CPU.Build.0 = Debug|Any CPU
		{0AB07CDD-0253-41BA-960F-9D202CFEDCCD}.Debug|ARM.ActiveCfg = Debug|Any CPU
		{0AB07CDD-0253-41BA-960F-9D202CFEDCCD}.Debug|ARM.Build.0 = Debug|Any CPU
		{0AB07CDD-0253-41BA-960F-9D202CFEDCCD}.Debug|x64.ActiveCfg = Debug|Any CPU
		{0AB07CDD-0253-41BA-960F-9D202CFEDCCD}.Debug|x64.Build.0 = Debug|Any CPU
		{0AB07CDD-0253-41BA-960F-9D202CFEDCCD}.Debug|x86.ActiveCfg = Debug|Any CPU
		{0AB07CDD-0253-41BA-960F-9D202CFEDCCD}.Debug|x86.Build.0 = Debug|Any CPU
		{0AB07CDD-0253-41BA-960F-9D202CFEDCCD}.Release|Any CPU.ActiveCfg = Release|Any CPU
		{0AB07CDD-0253-41BA-960F-9D202CFEDCCD}.Release|Any CPU.Build.0 = Release|Any CPU
		{0AB07CDD-0253-41BA-960F-9D202CFEDCCD}.Release|ARM.ActiveCfg = Release|Any CPU
		{0AB07CDD-0253-41BA-960F-9D202CFEDCCD}.Release|ARM.Build.0 = Release|Any CPU
		{0AB07CDD-0253-41BA-960F-9D202CFEDCCD}.Release|x64.ActiveCfg = Release|Any CPU
		{0AB07CDD-0253-41BA-960F-9D202CFEDCCD}.Release|x64.Build.0 = Release|Any CPU
		{0AB07CDD-0253-41BA-960F-9D202CFEDCCD}.Release|x86.ActiveCfg = Release|Any CPU
		{0AB07CDD-0253-41BA-960F-9D202CFEDCCD}.Release|x86.Build.0 = Release|Any CPU
		{07BDF0E2-6BA2-4EC8-8FFF-6C3478283E47}.Debug|Any CPU.ActiveCfg = Debug|Any CPU
		{07BDF0E2-6BA2-4EC8-8FFF-6C3478283E47}.Debug|Any CPU.Build.0 = Debug|Any CPU
		{07BDF0E2-6BA2-4EC8-8FFF-6C3478283E47}.Debug|ARM.ActiveCfg = Debug|Any CPU
		{07BDF0E2-6BA2-4EC8-8FFF-6C3478283E47}.Debug|ARM.Build.0 = Debug|Any CPU
		{07BDF0E2-6BA2-4EC8-8FFF-6C3478283E47}.Debug|x64.ActiveCfg = Debug|Any CPU
		{07BDF0E2-6BA2-4EC8-8FFF-6C3478283E47}.Debug|x64.Build.0 = Debug|Any CPU
		{07BDF0E2-6BA2-4EC8-8FFF-6C3478283E47}.Debug|x86.ActiveCfg = Debug|Any CPU
		{07BDF0E2-6BA2-4EC8-8FFF-6C3478283E47}.Debug|x86.Build.0 = Debug|Any CPU
		{07BDF0E2-6BA2-4EC8-8FFF-6C3478283E47}.Release|Any CPU.ActiveCfg = Release|Any CPU
		{07BDF0E2-6BA2-4EC8-8FFF-6C3478283E47}.Release|Any CPU.Build.0 = Release|Any CPU
		{07BDF0E2-6BA2-4EC8-8FFF-6C3478283E47}.Release|ARM.ActiveCfg = Release|Any CPU
		{07BDF0E2-6BA2-4EC8-8FFF-6C3478283E47}.Release|ARM.Build.0 = Release|Any CPU
		{07BDF0E2-6BA2-4EC8-8FFF-6C3478283E47}.Release|x64.ActiveCfg = Release|Any CPU
		{07BDF0E2-6BA2-4EC8-8FFF-6C3478283E47}.Release|x64.Build.0 = Release|Any CPU
		{07BDF0E2-6BA2-4EC8-8FFF-6C3478283E47}.Release|x86.ActiveCfg = Release|Any CPU
		{07BDF0E2-6BA2-4EC8-8FFF-6C3478283E47}.Release|x86.Build.0 = Release|Any CPU
		{D9DF6E58-CCDF-44A7-869B-6BC60A1CE9D2}.Debug|Any CPU.ActiveCfg = Debug|Any CPU
		{D9DF6E58-CCDF-44A7-869B-6BC60A1CE9D2}.Debug|Any CPU.Build.0 = Debug|Any CPU
		{D9DF6E58-CCDF-44A7-869B-6BC60A1CE9D2}.Debug|ARM.ActiveCfg = Debug|Any CPU
		{D9DF6E58-CCDF-44A7-869B-6BC60A1CE9D2}.Debug|ARM.Build.0 = Debug|Any CPU
		{D9DF6E58-CCDF-44A7-869B-6BC60A1CE9D2}.Debug|x64.ActiveCfg = Debug|Any CPU
		{D9DF6E58-CCDF-44A7-869B-6BC60A1CE9D2}.Debug|x64.Build.0 = Debug|Any CPU
		{D9DF6E58-CCDF-44A7-869B-6BC60A1CE9D2}.Debug|x86.ActiveCfg = Debug|Any CPU
		{D9DF6E58-CCDF-44A7-869B-6BC60A1CE9D2}.Debug|x86.Build.0 = Debug|Any CPU
		{D9DF6E58-CCDF-44A7-869B-6BC60A1CE9D2}.Release|Any CPU.ActiveCfg = Release|Any CPU
		{D9DF6E58-CCDF-44A7-869B-6BC60A1CE9D2}.Release|Any CPU.Build.0 = Release|Any CPU
		{D9DF6E58-CCDF-44A7-869B-6BC60A1CE9D2}.Release|ARM.ActiveCfg = Release|Any CPU
		{D9DF6E58-CCDF-44A7-869B-6BC60A1CE9D2}.Release|ARM.Build.0 = Release|Any CPU
		{D9DF6E58-CCDF-44A7-869B-6BC60A1CE9D2}.Release|x64.ActiveCfg = Release|Any CPU
		{D9DF6E58-CCDF-44A7-869B-6BC60A1CE9D2}.Release|x64.Build.0 = Release|Any CPU
		{D9DF6E58-CCDF-44A7-869B-6BC60A1CE9D2}.Release|x86.ActiveCfg = Release|Any CPU
		{D9DF6E58-CCDF-44A7-869B-6BC60A1CE9D2}.Release|x86.Build.0 = Release|Any CPU
		{1B53974C-B2B4-40DD-B07C-A7839B6EA3AA}.Debug|Any CPU.ActiveCfg = Debug|Any CPU
		{1B53974C-B2B4-40DD-B07C-A7839B6EA3AA}.Debug|Any CPU.Build.0 = Debug|Any CPU
		{1B53974C-B2B4-40DD-B07C-A7839B6EA3AA}.Debug|ARM.ActiveCfg = Debug|Any CPU
		{1B53974C-B2B4-40DD-B07C-A7839B6EA3AA}.Debug|ARM.Build.0 = Debug|Any CPU
		{1B53974C-B2B4-40DD-B07C-A7839B6EA3AA}.Debug|x64.ActiveCfg = Debug|Any CPU
		{1B53974C-B2B4-40DD-B07C-A7839B6EA3AA}.Debug|x64.Build.0 = Debug|Any CPU
		{1B53974C-B2B4-40DD-B07C-A7839B6EA3AA}.Debug|x86.ActiveCfg = Debug|Any CPU
		{1B53974C-B2B4-40DD-B07C-A7839B6EA3AA}.Debug|x86.Build.0 = Debug|Any CPU
		{1B53974C-B2B4-40DD-B07C-A7839B6EA3AA}.Release|Any CPU.ActiveCfg = Release|Any CPU
		{1B53974C-B2B4-40DD-B07C-A7839B6EA3AA}.Release|Any CPU.Build.0 = Release|Any CPU
		{1B53974C-B2B4-40DD-B07C-A7839B6EA3AA}.Release|ARM.ActiveCfg = Release|Any CPU
		{1B53974C-B2B4-40DD-B07C-A7839B6EA3AA}.Release|ARM.Build.0 = Release|Any CPU
		{1B53974C-B2B4-40DD-B07C-A7839B6EA3AA}.Release|x64.ActiveCfg = Release|Any CPU
		{1B53974C-B2B4-40DD-B07C-A7839B6EA3AA}.Release|x64.Build.0 = Release|Any CPU
		{1B53974C-B2B4-40DD-B07C-A7839B6EA3AA}.Release|x86.ActiveCfg = Release|Any CPU
		{1B53974C-B2B4-40DD-B07C-A7839B6EA3AA}.Release|x86.Build.0 = Release|Any CPU
	EndGlobalSection
	GlobalSection(SolutionProperties) = preSolution
		HideSolutionNode = FALSE
	EndGlobalSection
	GlobalSection(ExtensibilityGlobals) = postSolution
		SolutionGuid = {E12266B0-82EC-4D25-B60D-5228CA84C6CF}
	EndGlobalSection
EndGlobal
