
Microsoft Visual Studio Solution File, Format Version 12.00
# Visual Studio 15
VisualStudioVersion = 15.0.27428.2015
MinimumVisualStudioVersion = 10.0.40219.1
Project("{FAE04EC0-301F-11D3-BF4B-00C04F79EFBC}") = "Reflection", "Reflection\Reflection.csproj", "{886E7752-A051-4EC8-B4A7-2FF11AE5C67E}"
EndProject
Project("{FAE04EC0-301F-11D3-BF4B-00C04F79EFBC}") = "ConsoleApp1", "ConsoleApp1\ConsoleApp1.csproj", "{2D46246B-05D8-4A85-A059-B7C8193E2812}"
EndProject
Project("{FAE04EC0-301F-11D3-BF4B-00C04F79EFBC}") = "TPAWPF", "WpfApp1\TPAWPF.csproj", "{E50F880E-D78A-495A-9B79-0866FD5DCD03}"
EndProject
Project("{FAE04EC0-301F-11D3-BF4B-00C04F79EFBC}") = "ViewModel", "ViewModel\ViewModel.csproj", "{0AB07CDD-0253-41BA-960F-9D202CFEDCCD}"
EndProject
Project("{FAE04EC0-301F-11D3-BF4B-00C04F79EFBC}") = "Serialization", "Serialization\Serialization.csproj", "{07BDF0E2-6BA2-4EC8-8FFF-6C3478283E47}"
EndProject
Global
	GlobalSection(SolutionConfigurationPlatforms) = preSolution
		Debug|Any CPU = Debug|Any CPU
		Release|Any CPU = Release|Any CPU
	EndGlobalSection
	GlobalSection(ProjectConfigurationPlatforms) = postSolution
		{886E7752-A051-4EC8-B4A7-2FF11AE5C67E}.Debug|Any CPU.ActiveCfg = Debug|Any CPU
		{886E7752-A051-4EC8-B4A7-2FF11AE5C67E}.Debug|Any CPU.Build.0 = Debug|Any CPU
		{886E7752-A051-4EC8-B4A7-2FF11AE5C67E}.Release|Any CPU.ActiveCfg = Release|Any CPU
		{886E7752-A051-4EC8-B4A7-2FF11AE5C67E}.Release|Any CPU.Build.0 = Release|Any CPU
		{2D46246B-05D8-4A85-A059-B7C8193E2812}.Debug|Any CPU.ActiveCfg = Debug|Any CPU
		{2D46246B-05D8-4A85-A059-B7C8193E2812}.Debug|Any CPU.Build.0 = Debug|Any CPU
		{2D46246B-05D8-4A85-A059-B7C8193E2812}.Release|Any CPU.ActiveCfg = Release|Any CPU
		{2D46246B-05D8-4A85-A059-B7C8193E2812}.Release|Any CPU.Build.0 = Release|Any CPU
		{E50F880E-D78A-495A-9B79-0866FD5DCD03}.Debug|Any CPU.ActiveCfg = Debug|Any CPU
		{E50F880E-D78A-495A-9B79-0866FD5DCD03}.Debug|Any CPU.Build.0 = Debug|Any CPU
		{E50F880E-D78A-495A-9B79-0866FD5DCD03}.Release|Any CPU.ActiveCfg = Release|Any CPU
		{E50F880E-D78A-495A-9B79-0866FD5DCD03}.Release|Any CPU.Build.0 = Release|Any CPU
		{0AB07CDD-0253-41BA-960F-9D202CFEDCCD}.Debug|Any CPU.ActiveCfg = Debug|Any CPU
		{0AB07CDD-0253-41BA-960F-9D202CFEDCCD}.Debug|Any CPU.Build.0 = Debug|Any CPU
		{0AB07CDD-0253-41BA-960F-9D202CFEDCCD}.Release|Any CPU.ActiveCfg = Release|Any CPU
		{0AB07CDD-0253-41BA-960F-9D202CFEDCCD}.Release|Any CPU.Build.0 = Release|Any CPU
		{07BDF0E2-6BA2-4EC8-8FFF-6C3478283E47}.Debug|Any CPU.ActiveCfg = Debug|Any CPU
		{07BDF0E2-6BA2-4EC8-8FFF-6C3478283E47}.Debug|Any CPU.Build.0 = Debug|Any CPU
		{07BDF0E2-6BA2-4EC8-8FFF-6C3478283E47}.Release|Any CPU.ActiveCfg = Release|Any CPU
		{07BDF0E2-6BA2-4EC8-8FFF-6C3478283E47}.Release|Any CPU.Build.0 = Release|Any CPU
	EndGlobalSection
	GlobalSection(SolutionProperties) = preSolution
		HideSolutionNode = FALSE
	EndGlobalSection
	GlobalSection(ExtensibilityGlobals) = postSolution
		SolutionGuid = {E12266B0-82EC-4D25-B60D-5228CA84C6CF}
	EndGlobalSection
EndGlobal
